Microsoft Visual Studio Solution File, Format Version 12.00
# Visual Studio Version 17
VisualStudioVersion = 17.9.34728.123
MinimumVisualStudioVersion = 10.0.40219.1
Project("{9A19103F-16F7-4668-BE54-9A1E7A4F7556}") = "SAM.Core", "SAM\SAM.Core\SAM.Core.csproj", "{1C86B9AC-81B3-41D8-BA48-321F28AB94F4}"
EndProject
Project("{9A19103F-16F7-4668-BE54-9A1E7A4F7556}") = "SAM.Geometry", "SAM\SAM.Geometry\SAM.Geometry.csproj", "{4CF184FD-B48A-41FC-ADBC-20218B44B03D}"
EndProject
Project("{9A19103F-16F7-4668-BE54-9A1E7A4F7556}") = "SAM.Analytical", "SAM\SAM.Analytical\SAM.Analytical.csproj", "{B47BAD06-8523-455E-ACF8-4879D0286EC1}"
EndProject
Project("{2150E333-8FDC-42A3-9474-1A3956D46DE8}") = "SAM", "SAM", "{4FDEDAD6-FCEC-4426-9A3B-086BF3C99CC0}"
EndProject
Project("{9A19103F-16F7-4668-BE54-9A1E7A4F7556}") = "SAM.Architectural", "SAM\SAM.Architectural\SAM.Architectural.csproj", "{752AD1B6-FD09-4008-B7CC-5FD45FD2F9D9}"
EndProject
Project("{9A19103F-16F7-4668-BE54-9A1E7A4F7556}") = "SAM.Units", "SAM\SAM.Units\SAM.Units.csproj", "{CCE71A0C-1303-4330-AB5E-44998C94F802}"
EndProject
Project("{9A19103F-16F7-4668-BE54-9A1E7A4F7556}") = "SAM.Math", "SAM\SAM.Math\SAM.Math.csproj", "{255E428D-6969-4542-9846-67B7DE87501B}"
EndProject
Project("{9A19103F-16F7-4668-BE54-9A1E7A4F7556}") = "SAM.Weather", "SAM\SAM.Weather\SAM.Weather.csproj", "{BE06B786-865A-4316-95C8-970DB6E53424}"
EndProject
Global
	GlobalSection(SolutionConfigurationPlatforms) = preSolution
		Debug|Any CPU = Debug|Any CPU
		Release|Any CPU = Release|Any CPU
	EndGlobalSection
	GlobalSection(ProjectConfigurationPlatforms) = postSolution
		{1C86B9AC-81B3-41D8-BA48-321F28AB94F4}.Debug|Any CPU.ActiveCfg = Debug|Any CPU
		{1C86B9AC-81B3-41D8-BA48-321F28AB94F4}.Debug|Any CPU.Build.0 = Debug|Any CPU
		{1C86B9AC-81B3-41D8-BA48-321F28AB94F4}.Release|Any CPU.ActiveCfg = Release|Any CPU
		{1C86B9AC-81B3-41D8-BA48-321F28AB94F4}.Release|Any CPU.Build.0 = Release|Any CPU
		{4CF184FD-B48A-41FC-ADBC-20218B44B03D}.Debug|Any CPU.ActiveCfg = Debug|Any CPU
		{4CF184FD-B48A-41FC-ADBC-20218B44B03D}.Debug|Any CPU.Build.0 = Debug|Any CPU
		{4CF184FD-B48A-41FC-ADBC-20218B44B03D}.Release|Any CPU.ActiveCfg = Release|Any CPU
		{4CF184FD-B48A-41FC-ADBC-20218B44B03D}.Release|Any CPU.Build.0 = Release|Any CPU
		{B47BAD06-8523-455E-ACF8-4879D0286EC1}.Debug|Any CPU.ActiveCfg = Debug|Any CPU
		{B47BAD06-8523-455E-ACF8-4879D0286EC1}.Debug|Any CPU.Build.0 = Debug|Any CPU
		{B47BAD06-8523-455E-ACF8-4879D0286EC1}.Release|Any CPU.ActiveCfg = Release|Any CPU
		{B47BAD06-8523-455E-ACF8-4879D0286EC1}.Release|Any CPU.Build.0 = Release|Any CPU
		{752AD1B6-FD09-4008-B7CC-5FD45FD2F9D9}.Debug|Any CPU.ActiveCfg = Debug|Any CPU
		{752AD1B6-FD09-4008-B7CC-5FD45FD2F9D9}.Debug|Any CPU.Build.0 = Debug|Any CPU
		{752AD1B6-FD09-4008-B7CC-5FD45FD2F9D9}.Release|Any CPU.ActiveCfg = Release|Any CPU
		{752AD1B6-FD09-4008-B7CC-5FD45FD2F9D9}.Release|Any CPU.Build.0 = Release|Any CPU
		{CCE71A0C-1303-4330-AB5E-44998C94F802}.Debug|Any CPU.ActiveCfg = Debug|Any CPU
		{CCE71A0C-1303-4330-AB5E-44998C94F802}.Debug|Any CPU.Build.0 = Debug|Any CPU
		{CCE71A0C-1303-4330-AB5E-44998C94F802}.Release|Any CPU.ActiveCfg = Release|Any CPU
		{CCE71A0C-1303-4330-AB5E-44998C94F802}.Release|Any CPU.Build.0 = Release|Any CPU
		{255E428D-6969-4542-9846-67B7DE87501B}.Debug|Any CPU.ActiveCfg = Debug|Any CPU
		{255E428D-6969-4542-9846-67B7DE87501B}.Debug|Any CPU.Build.0 = Debug|Any CPU
		{255E428D-6969-4542-9846-67B7DE87501B}.Release|Any CPU.ActiveCfg = Release|Any CPU
		{255E428D-6969-4542-9846-67B7DE87501B}.Release|Any CPU.Build.0 = Release|Any CPU
		{BE06B786-865A-4316-95C8-970DB6E53424}.Debug|Any CPU.ActiveCfg = Debug|Any CPU
		{BE06B786-865A-4316-95C8-970DB6E53424}.Debug|Any CPU.Build.0 = Debug|Any CPU
		{BE06B786-865A-4316-95C8-970DB6E53424}.Release|Any CPU.ActiveCfg = Release|Any CPU
		{BE06B786-865A-4316-95C8-970DB6E53424}.Release|Any CPU.Build.0 = Release|Any CPU
	EndGlobalSection
	GlobalSection(SolutionProperties) = preSolution
		HideSolutionNode = FALSE
	EndGlobalSection
	GlobalSection(NestedProjects) = preSolution
		{1C86B9AC-81B3-41D8-BA48-321F28AB94F4} = {4FDEDAD6-FCEC-4426-9A3B-086BF3C99CC0}
		{4CF184FD-B48A-41FC-ADBC-20218B44B03D} = {4FDEDAD6-FCEC-4426-9A3B-086BF3C99CC0}
		{B47BAD06-8523-455E-ACF8-4879D0286EC1} = {4FDEDAD6-FCEC-4426-9A3B-086BF3C99CC0}
		{752AD1B6-FD09-4008-B7CC-5FD45FD2F9D9} = {4FDEDAD6-FCEC-4426-9A3B-086BF3C99CC0}
		{CCE71A0C-1303-4330-AB5E-44998C94F802} = {4FDEDAD6-FCEC-4426-9A3B-086BF3C99CC0}
		{255E428D-6969-4542-9846-67B7DE87501B} = {4FDEDAD6-FCEC-4426-9A3B-086BF3C99CC0}
		{BE06B786-865A-4316-95C8-970DB6E53424} = {4FDEDAD6-FCEC-4426-9A3B-086BF3C99CC0}
	EndGlobalSection
	GlobalSection(ExtensibilityGlobals) = postSolution
		SolutionGuid = {4E0308FF-C8D5-4700-951A-859CB9D4FD09}
	EndGlobalSection
EndGlobal
